
Microsoft Visual Studio Solution File, Format Version 12.00
# Visual Studio Version 17
VisualStudioVersion = 17.4.33205.214
MinimumVisualStudioVersion = 10.0.40219.1
Project("{FAE04EC0-301F-11D3-BF4B-00C04F79EFBC}") = "GrpcService", "GrpcService\GrpcService.csproj", "{45B3CC23-A4FB-4DEA-A532-36F80A77ADB0}"
EndProject
Project("{FAE04EC0-301F-11D3-BF4B-00C04F79EFBC}") = "GrpcClient", "GrpcClient\GrpcClient.csproj", "{7AF50598-FD40-46A0-B628-C804295C6642}"
EndProject
Global
	GlobalSection(SolutionConfigurationPlatforms) = preSolution
		Debug|Any CPU = Debug|Any CPU
		Release|Any CPU = Release|Any CPU
	EndGlobalSection
	GlobalSection(ProjectConfigurationPlatforms) = postSolution
		{45B3CC23-A4FB-4DEA-A532-36F80A77ADB0}.Debug|Any CPU.ActiveCfg = Debug|Any CPU
		{45B3CC23-A4FB-4DEA-A532-36F80A77ADB0}.Debug|Any CPU.Build.0 = Debug|Any CPU
		{45B3CC23-A4FB-4DEA-A532-36F80A77ADB0}.Release|Any CPU.ActiveCfg = Release|Any CPU
		{45B3CC23-A4FB-4DEA-A532-36F80A77ADB0}.Release|Any CPU.Build.0 = Release|Any CPU
		{7AF50598-FD40-46A0-B628-C804295C6642}.Debug|Any CPU.ActiveCfg = Debug|Any CPU
		{7AF50598-FD40-46A0-B628-C804295C6642}.Debug|Any CPU.Build.0 = Debug|Any CPU
		{7AF50598-FD40-46A0-B628-C804295C6642}.Release|Any CPU.ActiveCfg = Release|Any CPU
		{7AF50598-FD40-46A0-B628-C804295C6642}.Release|Any CPU.Build.0 = Release|Any CPU
	EndGlobalSection
	GlobalSection(SolutionProperties) = preSolution
		HideSolutionNode = FALSE
	EndGlobalSection
	GlobalSection(ExtensibilityGlobals) = postSolution
		SolutionGuid = {25669E6D-2C12-472F-91D9-A505A9AAD4D5}
	EndGlobalSection
EndGlobal
